
Microsoft Visual Studio Solution File, Format Version 12.00
# Visual Studio Version 17
VisualStudioVersion = 17.6.33829.357
MinimumVisualStudioVersion = 10.0.40219.1
Project("{FAE04EC0-301F-11D3-BF4B-00C04F79EFBC}") = "CSharp_Bai5", "CSharp_Bai5.csproj", "{A3F0BBBB-D8A8-4DDA-99D6-F17B55621A46}"
EndProject
Global
	GlobalSection(SolutionConfigurationPlatforms) = preSolution
		Debug|Any CPU = Debug|Any CPU
		Release|Any CPU = Release|Any CPU
	EndGlobalSection
	GlobalSection(ProjectConfigurationPlatforms) = postSolution
		{A3F0BBBB-D8A8-4DDA-99D6-F17B55621A46}.Debug|Any CPU.ActiveCfg = Debug|Any CPU
		{A3F0BBBB-D8A8-4DDA-99D6-F17B55621A46}.Debug|Any CPU.Build.0 = Debug|Any CPU
		{A3F0BBBB-D8A8-4DDA-99D6-F17B55621A46}.Release|Any CPU.ActiveCfg = Release|Any CPU
		{A3F0BBBB-D8A8-4DDA-99D6-F17B55621A46}.Release|Any CPU.Build.0 = Release|Any CPU
	EndGlobalSection
	GlobalSection(SolutionProperties) = preSolution
		HideSolutionNode = FALSE
	EndGlobalSection
	GlobalSection(ExtensibilityGlobals) = postSolution
		SolutionGuid = {092A2E52-52B4-45D6-AE52-27C9AA5334F5}
	EndGlobalSection
EndGlobal
